
Microsoft Visual Studio Solution File, Format Version 12.00
# Visual Studio Version 17
VisualStudioVersion = 17.7.34031.279
MinimumVisualStudioVersion = 10.0.40219.1
Project("{8BC9CEB8-8B4A-11D0-8D11-00A0C91BC942}") = "Lab3_FSM", "Lab3_FSM\Lab3_FSM.vcxproj", "{525C3705-AB20-48E8-BEED-D426BAB9E379}"
EndProject
Global
	GlobalSection(SolutionConfigurationPlatforms) = preSolution
		Debug|x64 = Debug|x64
		Debug|x86 = Debug|x86
		Release|x64 = Release|x64
		Release|x86 = Release|x86
	EndGlobalSection
	GlobalSection(ProjectConfigurationPlatforms) = postSolution
		{525C3705-AB20-48E8-BEED-D426BAB9E379}.Debug|x64.ActiveCfg = Debug|x64
		{525C3705-AB20-48E8-BEED-D426BAB9E379}.Debug|x64.Build.0 = Debug|x64
		{525C3705-AB20-48E8-BEED-D426BAB9E379}.Debug|x86.ActiveCfg = Debug|Win32
		{525C3705-AB20-48E8-BEED-D426BAB9E379}.Debug|x86.Build.0 = Debug|Win32
		{525C3705-AB20-48E8-BEED-D426BAB9E379}.Release|x64.ActiveCfg = Release|x64
		{525C3705-AB20-48E8-BEED-D426BAB9E379}.Release|x64.Build.0 = Release|x64
		{525C3705-AB20-48E8-BEED-D426BAB9E379}.Release|x86.ActiveCfg = Release|Win32
		{525C3705-AB20-48E8-BEED-D426BAB9E379}.Release|x86.Build.0 = Release|Win32
	EndGlobalSection
	GlobalSection(SolutionProperties) = preSolution
		HideSolutionNode = FALSE
	EndGlobalSection
	GlobalSection(ExtensibilityGlobals) = postSolution
		SolutionGuid = {E1CA9ED0-52DF-4C37-8EE0-EE8792AF49CF}
	EndGlobalSection
EndGlobal
